
Microsoft Visual Studio Solution File, Format Version 12.00
# Visual Studio Version 17
VisualStudioVersion = 17.5.2.0
MinimumVisualStudioVersion = 10.0.40219.1
Project("{FAE04EC0-301F-11D3-BF4B-00C04F79EFBC}") = "sampleAzureDelpoyApp", "sampleAzureDelpoyApp\sampleAzureDelpoyApp.csproj", "{E6C9DC8F-51EC-44D0-D852-0A3E7C864D36}"
EndProject
Project("{FAE04EC0-301F-11D3-BF4B-00C04F79EFBC}") = "VideoStreamApp", "VideoStreamApp\VideoStreamApp.csproj", "{5CBFDCA1-B055-4CC0-959F-1DCE24C27046}"
EndProject
Global
	GlobalSection(SolutionConfigurationPlatforms) = preSolution
		Debug|Any CPU = Debug|Any CPU
		Debug|x64 = Debug|x64
		Debug|x86 = Debug|x86
		Release|Any CPU = Release|Any CPU
		Release|x64 = Release|x64
		Release|x86 = Release|x86
	EndGlobalSection
	GlobalSection(ProjectConfigurationPlatforms) = postSolution
		{E6C9DC8F-51EC-44D0-D852-0A3E7C864D36}.Debug|Any CPU.ActiveCfg = Debug|Any CPU
		{E6C9DC8F-51EC-44D0-D852-0A3E7C864D36}.Debug|Any CPU.Build.0 = Debug|Any CPU
		{E6C9DC8F-51EC-44D0-D852-0A3E7C864D36}.Debug|x64.ActiveCfg = Debug|Any CPU
		{E6C9DC8F-51EC-44D0-D852-0A3E7C864D36}.Debug|x64.Build.0 = Debug|Any CPU
		{E6C9DC8F-51EC-44D0-D852-0A3E7C864D36}.Debug|x86.ActiveCfg = Debug|Any CPU
		{E6C9DC8F-51EC-44D0-D852-0A3E7C864D36}.Debug|x86.Build.0 = Debug|Any CPU
		{E6C9DC8F-51EC-44D0-D852-0A3E7C864D36}.Release|Any CPU.ActiveCfg = Release|Any CPU
		{E6C9DC8F-51EC-44D0-D852-0A3E7C864D36}.Release|Any CPU.Build.0 = Release|Any CPU
		{E6C9DC8F-51EC-44D0-D852-0A3E7C864D36}.Release|x64.ActiveCfg = Release|Any CPU
		{E6C9DC8F-51EC-44D0-D852-0A3E7C864D36}.Release|x64.Build.0 = Release|Any CPU
		{E6C9DC8F-51EC-44D0-D852-0A3E7C864D36}.Release|x86.ActiveCfg = Release|Any CPU
		{E6C9DC8F-51EC-44D0-D852-0A3E7C864D36}.Release|x86.Build.0 = Release|Any CPU
		{5CBFDCA1-B055-4CC0-959F-1DCE24C27046}.Debug|Any CPU.ActiveCfg = Debug|Any CPU
		{5CBFDCA1-B055-4CC0-959F-1DCE24C27046}.Debug|Any CPU.Build.0 = Debug|Any CPU
		{5CBFDCA1-B055-4CC0-959F-1DCE24C27046}.Debug|x64.ActiveCfg = Debug|Any CPU
		{5CBFDCA1-B055-4CC0-959F-1DCE24C27046}.Debug|x64.Build.0 = Debug|Any CPU
		{5CBFDCA1-B055-4CC0-959F-1DCE24C27046}.Debug|x86.ActiveCfg = Debug|Any CPU
		{5CBFDCA1-B055-4CC0-959F-1DCE24C27046}.Debug|x86.Build.0 = Debug|Any CPU
		{5CBFDCA1-B055-4CC0-959F-1DCE24C27046}.Release|Any CPU.ActiveCfg = Release|Any CPU
		{5CBFDCA1-B055-4CC0-959F-1DCE24C27046}.Release|Any CPU.Build.0 = Release|Any CPU
		{5CBFDCA1-B055-4CC0-959F-1DCE24C27046}.Release|x64.ActiveCfg = Release|Any CPU
		{5CBFDCA1-B055-4CC0-959F-1DCE24C27046}.Release|x64.Build.0 = Release|Any CPU
		{5CBFDCA1-B055-4CC0-959F-1DCE24C27046}.Release|x86.ActiveCfg = Release|Any CPU
		{5CBFDCA1-B055-4CC0-959F-1DCE24C27046}.Release|x86.Build.0 = Release|Any CPU
	EndGlobalSection
	GlobalSection(SolutionProperties) = preSolution
		HideSolutionNode = FALSE
	EndGlobalSection
	GlobalSection(ExtensibilityGlobals) = postSolution
		SolutionGuid = {EAB664BD-5003-4E02-9534-2F5C36C295D8}
	EndGlobalSection
EndGlobal
