Microsoft Visual Studio Solution File, Format Version 12.00
# Visual Studio Version 17
VisualStudioVersion = 17.5.2.0
MinimumVisualStudioVersion = 10.0.40219.1
Project("{FAE04EC0-301F-11D3-BF4B-00C04F79EFBC}") = "AppointmentApp", "AppointmentApp\AppointmentApp.csproj", "{43BFDCC7-0688-47E8-BA03-B91A242501CE}"
EndProject
Project("{FAE04EC0-301F-11D3-BF4B-00C04F79EFBC}") = "AppointmentApp.Test", "AppointmentApp.Test\AppointmentApp.Test.csproj", "{8D7BC765-510C-4EAA-95E2-FD271407E4B3}"
EndProject
Global
	GlobalSection(SolutionConfigurationPlatforms) = preSolution
		Debug|Any CPU = Debug|Any CPU
		Release|Any CPU = Release|Any CPU
	EndGlobalSection
	GlobalSection(ProjectConfigurationPlatforms) = postSolution
		{E369EB5E-C26C-B9F3-62D0-E5AD6EB52289}.Debug|Any CPU.ActiveCfg = Debug|Any CPU
		{E369EB5E-C26C-B9F3-62D0-E5AD6EB52289}.Debug|Any CPU.Build.0 = Debug|Any CPU
		{E369EB5E-C26C-B9F3-62D0-E5AD6EB52289}.Release|Any CPU.ActiveCfg = Release|Any CPU
		{E369EB5E-C26C-B9F3-62D0-E5AD6EB52289}.Release|Any CPU.Build.0 = Release|Any CPU
		{43BFDCC7-0688-47E8-BA03-B91A242501CE}.Debug|Any CPU.ActiveCfg = Debug|Any CPU
		{43BFDCC7-0688-47E8-BA03-B91A242501CE}.Debug|Any CPU.Build.0 = Debug|Any CPU
		{43BFDCC7-0688-47E8-BA03-B91A242501CE}.Release|Any CPU.ActiveCfg = Release|Any CPU
		{43BFDCC7-0688-47E8-BA03-B91A242501CE}.Release|Any CPU.Build.0 = Release|Any CPU
		{8D7BC765-510C-4EAA-95E2-FD271407E4B3}.Debug|Any CPU.ActiveCfg = Debug|Any CPU
		{8D7BC765-510C-4EAA-95E2-FD271407E4B3}.Debug|Any CPU.Build.0 = Debug|Any CPU
		{8D7BC765-510C-4EAA-95E2-FD271407E4B3}.Release|Any CPU.ActiveCfg = Release|Any CPU
		{8D7BC765-510C-4EAA-95E2-FD271407E4B3}.Release|Any CPU.Build.0 = Release|Any CPU
	EndGlobalSection
	GlobalSection(SolutionProperties) = preSolution
		HideSolutionNode = FALSE
	EndGlobalSection
	GlobalSection(ExtensibilityGlobals) = postSolution
		SolutionGuid = {DA2BE3E3-42D7-4B0F-9661-28F8B38116D9}
	EndGlobalSection
EndGlobal
