Microsoft Visual Studio Solution File, Format Version 12.00
# Visual Studio Version 17
VisualStudioVersion = 17.5.2.0
MinimumVisualStudioVersion = 10.0.40219.1
Project("{FAE04EC0-301F-11D3-BF4B-00C04F79EFBC}") = "AzureDBApp", "AzureDBApp\AzureDBApp.csproj", "{105B5ABF-CF3A-C07E-44A0-9C57758BB619}"
EndProject
Global
	GlobalSection(SolutionConfigurationPlatforms) = preSolution
		Debug|Any CPU = Debug|Any CPU
		Release|Any CPU = Release|Any CPU
	EndGlobalSection
	GlobalSection(ProjectConfigurationPlatforms) = postSolution
		{105B5ABF-CF3A-C07E-44A0-9C57758BB619}.Debug|Any CPU.ActiveCfg = Debug|Any CPU
		{105B5ABF-CF3A-C07E-44A0-9C57758BB619}.Debug|Any CPU.Build.0 = Debug|Any CPU
		{105B5ABF-CF3A-C07E-44A0-9C57758BB619}.Release|Any CPU.ActiveCfg = Release|Any CPU
		{105B5ABF-CF3A-C07E-44A0-9C57758BB619}.Release|Any CPU.Build.0 = Release|Any CPU
	EndGlobalSection
	GlobalSection(SolutionProperties) = preSolution
		HideSolutionNode = FALSE
	EndGlobalSection
	GlobalSection(ExtensibilityGlobals) = postSolution
		SolutionGuid = {C9BCF57C-60C1-4D43-B79B-9A776FF83B9B}
	EndGlobalSection
EndGlobal
