
Microsoft Visual Studio Solution File, Format Version 12.00
# Visual Studio Version 17
VisualStudioVersion = 17.13.35931.197 d17.13
MinimumVisualStudioVersion = 10.0.40219.1
Project("{FAE04EC0-301F-11D3-BF4B-00C04F79EFBC}") = "LeaveApprovalSOLIDApp", "LeaveApprovalSOLIDApp\LeaveApprovalSOLIDApp.csproj", "{DE327094-551D-4DA2-9765-3FE5BB387A94}"
EndProject
Global
	GlobalSection(SolutionConfigurationPlatforms) = preSolution
		Debug|Any CPU = Debug|Any CPU
		Release|Any CPU = Release|Any CPU
	EndGlobalSection
	GlobalSection(ProjectConfigurationPlatforms) = postSolution
		{DE327094-551D-4DA2-9765-3FE5BB387A94}.Debug|Any CPU.ActiveCfg = Debug|Any CPU
		{DE327094-551D-4DA2-9765-3FE5BB387A94}.Debug|Any CPU.Build.0 = Debug|Any CPU
		{DE327094-551D-4DA2-9765-3FE5BB387A94}.Release|Any CPU.ActiveCfg = Release|Any CPU
		{DE327094-551D-4DA2-9765-3FE5BB387A94}.Release|Any CPU.Build.0 = Release|Any CPU
	EndGlobalSection
	GlobalSection(SolutionProperties) = preSolution
		HideSolutionNode = FALSE
	EndGlobalSection
	GlobalSection(ExtensibilityGlobals) = postSolution
		SolutionGuid = {B0AA8216-F4F4-49D7-83DE-EE94811545E2}
	EndGlobalSection
EndGlobal
